PODS:
  - AFNetworking (3.2.0):
    - AFNetworking/NSURLSession (= 3.2.0)
    - AFNetworking/Reachability (= 3.2.0)
    - AFNetworking/Security (= 3.2.0)
    - AFNetworking/Serialization (= 3.2.0)
    - AFNetworking/UIKit (= 3.2.0)
  - AFNetworking/NSURLSession (3.2.0):
    - AFNetworking/Reachability
    - AFNetworking/Security
    - AFNetworking/Serialization
  - AFNetworking/Reachability (3.2.0)
  - AFNetworking/Security (3.2.0)
  - AFNetworking/Serialization (3.2.0)
  - AFNetworking/UIKit (3.2.0):
    - AFNetworking/NSURLSession
  - CocoaLumberjack/Default (3.4.2)
  - CocoaLumberjack/Swift (3.4.2):
    - CocoaLumberjack/Default
  - Expecta (1.0.6)
  - Expecta+Snapshots (3.1.1):
    - Expecta (~> 1.0)
    - FBSnapshotTestCase/Core (~> 2.0)
    - Specta (~> 1.0)
  - FBSnapshotTestCase (2.1.4):
    - FBSnapshotTestCase/SwiftSupport (= 2.1.4)
  - FBSnapshotTestCase/Core (2.1.4)
  - FBSnapshotTestCase/SwiftSupport (2.1.4):
    - FBSnapshotTestCase/Core
  - GCDTimer (1.1.0)
  - GridView (0.1.0):
    - Masonry
  - Masonry (1.1.0)
  - NSDate-Additions (0.0.11)
  - PINCache (2.3)
  - Protobuf (3.3.0)
  - ReactiveCocoa (2.5):
    - ReactiveCocoa/UI (= 2.5)
  - ReactiveCocoa/Core (2.5):
    - ReactiveCocoa/no-arc
  - ReactiveCocoa/no-arc (2.5)
  - ReactiveCocoa/UI (2.5):
    - ReactiveCocoa/Core
  - SKDynamicStock/SKDynamicKit (0.1.3):
    - PINCache
    - ReactiveCocoa (~> 2.5.0)
    - SKDynamicStock/SKDynamicKit/pbobjc (= 0.1.3)
    - SKDynamicStock/SKDynamicKit/pbobjc_ext (= 0.1.3)
    - SKStockStone (~> 0.1.8)
    - StockPB
  - SKDynamicStock/SKDynamicKit/pbobjc (0.1.3):
    - PINCache
    - ReactiveCocoa (~> 2.5.0)
    - SKStockStone (~> 0.1.8)
    - StockPB
  - SKDynamicStock/SKDynamicKit/pbobjc_ext (0.1.3):
    - PINCache
    - ReactiveCocoa (~> 2.5.0)
    - SKDynamicStock/SKDynamicKit/pbobjc
    - SKStockStone (~> 0.1.8)
    - StockPB
  - SKStockStone (0.1.13):
    - SKStockStone/StockCodeType (= 0.1.13)
    - SKStockStone/StockColorFormatter (= 0.1.13)
    - SKStockStone/StockCore (= 0.1.13)
    - SKStockStone/StockFormatter (= 0.1.13)
  - SKStockStone/StockCodeType (0.1.13):
    - NSDate-Additions
  - SKStockStone/StockColorFormatter (0.1.13):
    - SKStockStone/StockFormatter
  - SKStockStone/StockCore (0.1.13)
  - SKStockStone/StockFormatter (0.1.13):
    - SKStockStone/StockCore
  - Specta (1.0.7)
  - StockGridView (0.1.0):
    - GridView
    - SKDynamicStock/SKDynamicKit
    - SKStockStone
    - UIColor-HexString
  - StockPB (0.3.1):
    - StockPB/Network (= 0.3.1)
    - StockPB/PBExtension (= 0.3.1)
    - StockPB/PBObjc_Ext (= 0.3.1)
    - StockPB/RACNetwork (= 0.3.1)
    - StockPB/SKTimer (= 0.3.1)
  - StockPB/Network (0.3.1):
    - AFNetworking (~> 3.0)
    - CocoaLumberjack/Swift
    - StockPB/Network/BaseResponse (= 0.3.1)
    - StockPB/PBExtension
  - StockPB/Network/BaseResponse (0.3.1):
    - AFNetworking (~> 3.0)
    - CocoaLumberjack/Swift
    - StockPB/PBExtension
  - StockPB/PBExtension (0.3.1):
    - Protobuf (~> 3.3.0)
  - StockPB/PBObjc_Ext (0.3.1):
    - StockPB/PBObjc_Ext/PBObjc (= 0.3.1)
  - StockPB/PBObjc_Ext/PBObjc (0.3.1):
    - Protobuf (~> 3.3.0)
  - StockPB/RACNetwork (0.3.1):
    - ReactiveCocoa (~> 2.5.0)
    - StockPB/Network
  - StockPB/SKTimer (0.3.1):
    - GCDTimer (~> 1.1.0)
    - ReactiveCocoa (~> 2.5.0)
    - StockPB/PBObjc_Ext
    - StockPB/RACNetwork
  - StockPB/YMStockSupport (0.3.1):
    - StockPB/Network
  - UIColor-HexString (1.3.0)

DEPENDENCIES:
  - Expecta
  - Expecta+Snapshots
  - FBSnapshotTestCase
  - GridView (from `../`)
  - SKStockStone (from `http://ph.benemind.com/diffusion/STONE/stone.git`, branch `EmoneyDev`)
  - Specta
  - StockGridView (from `../`)
  - StockPB/RACNetwork (from `http://ph.benemind.com/diffusion/PB/pb.git`, branch `EmoneyDev`)
  - StockPB/YMStockSupport (from `http://ph.benemind.com/diffusion/PB/pb.git`, branch `EmoneyDev`)

EXTERNAL SOURCES:
  GridView:
    :path: ../
  SKStockStone:
    :branch: EmoneyDev
    :git: http://ph.benemind.com/diffusion/STONE/stone.git
  StockGridView:
    :path: ../
  StockPB:
    :branch: EmoneyDev
    :git: http://ph.benemind.com/diffusion/PB/pb.git

CHECKOUT OPTIONS:
  SKStockStone:
    :commit: 5b6139f2abb47ce2d1759e13bd2bce14889c36b6
    :git: http://ph.benemind.com/diffusion/STONE/stone.git
  StockPB:
    :commit: 8ed6e6a5c561cd708ab2712fdc9e6478cdb19cec
    :git: http://ph.benemind.com/diffusion/PB/pb.git

SPEC CHECKSUMS:
  AFNetworking: 8ac6017b94ea105479f7776e5288e48ae9c59bb4
  CocoaLumberjack: db7cc9e464771f12054c22ff6947c5a58d43a0fd
  Expecta: 3b6bd90a64b9a1dcb0b70aa0e10a7f8f631667d5
  Expecta+Snapshots: dcff217eef506dabd6dfdc7864ea2da321fafbb8
  FBSnapshotTestCase: 094f9f314decbabe373b87cc339bea235a63e07a
  GCDTimer: 5837a5d70a464f86cbc9c56d75efc68f7e7c2fb8
  GridView: b83772bd80ebc148eeb4ffbeaaddc9f5c43fe59c
  Masonry: 678fab65091a9290e40e2832a55e7ab731aad201
  NSDate-Additions: b26bd8c9a7303672c2d23c3c6d1c4b9456c8d8da
  PINCache: ce36ed282031b92fc7733ffe831f474ff80fddc2
  Protobuf: d582fecf68201eac3d79ed61369ef45734394b9c
  ReactiveCocoa: e2db045570aa97c695e7aa97c2bcab222ae51f4a
  SKDynamicStock: 77193abad0d2600d31412194cb2f775502d9208c
  SKStockStone: 93d410945dff3b3d0958fc72aedd20cae9a21fc0
  Specta: 3e1bd89c3517421982dc4d1c992503e48bd5fe66
  StockGridView: 204e0e7a268f0d22e6ca8aaa5250121e8bdd5fdb
  StockPB: 5b2cf001f7aa2f26c88853b5a82d5bf41973afe6
  UIColor-HexString: fadc2e1389db19147ac99dee92222d3bd8bfec4a

PODFILE CHECKSUM: 9b34e023b796e565eb12f7b62f32b98c570882a7

COCOAPODS: 1.4.0
